Microsoft Visual Studio Solution File, Format Version 12.00
# Visual Studio Version 17
VisualStudioVersion = 17.5.2.0
MinimumVisualStudioVersion = 10.0.40219.1
Project("{FAE04EC0-301F-11D3-BF4B-00C04F79EFBC}") = "P12_WebApi", "P12_WebApi.csproj", "{3CEC870A-0DBB-FFB3-8A3B-728F82995434}"
EndProject
Global
	GlobalSection(SolutionConfigurationPlatforms) = preSolution
		Debug|Any CPU = Debug|Any CPU
		Release|Any CPU = Release|Any CPU
	EndGlobalSection
	GlobalSection(ProjectConfigurationPlatforms) = postSolution
		{3CEC870A-0DBB-FFB3-8A3B-728F82995434}.Debug|Any CPU.ActiveCfg = Debug|Any CPU
		{3CEC870A-0DBB-FFB3-8A3B-728F82995434}.Debug|Any CPU.Build.0 = Debug|Any CPU
		{3CEC870A-0DBB-FFB3-8A3B-728F82995434}.Release|Any CPU.ActiveCfg = Release|Any CPU
		{3CEC870A-0DBB-FFB3-8A3B-728F82995434}.Release|Any CPU.Build.0 = Release|Any CPU
	EndGlobalSection
	GlobalSection(SolutionProperties) = preSolution
		HideSolutionNode = FALSE
	EndGlobalSection
	GlobalSection(ExtensibilityGlobals) = postSolution
		SolutionGuid = {67B35347-E939-46AA-8892-6A103A29011A}
	EndGlobalSection
EndGlobal
