Microsoft Visual Studio Solution File, Format Version 12.00
# Visual Studio Version 17
VisualStudioVersion = 17.5.2.0
MinimumVisualStudioVersion = 10.0.40219.1
Project("{FAE04EC0-301F-11D3-BF4B-00C04F79EFBC}") = "P4_WebMVC", "P4_WebMVC.csproj", "{162B2596-9A75-A473-B33E-E4C1443684AE}"
EndProject
Global
	GlobalSection(SolutionConfigurationPlatforms) = preSolution
		Debug|Any CPU = Debug|Any CPU
		Release|Any CPU = Release|Any CPU
	EndGlobalSection
	GlobalSection(ProjectConfigurationPlatforms) = postSolution
		{162B2596-9A75-A473-B33E-E4C1443684AE}.Debug|Any CPU.ActiveCfg = Debug|Any CPU
		{162B2596-9A75-A473-B33E-E4C1443684AE}.Debug|Any CPU.Build.0 = Debug|Any CPU
		{162B2596-9A75-A473-B33E-E4C1443684AE}.Release|Any CPU.ActiveCfg = Release|Any CPU
		{162B2596-9A75-A473-B33E-E4C1443684AE}.Release|Any CPU.Build.0 = Release|Any CPU
	EndGlobalSection
	GlobalSection(SolutionProperties) = preSolution
		HideSolutionNode = FALSE
	EndGlobalSection
	GlobalSection(ExtensibilityGlobals) = postSolution
		SolutionGuid = {4FBD7B2E-3408-40CA-9C93-713FA19850E0}
	EndGlobalSection
EndGlobal
